
Microsoft Visual Studio Solution File, Format Version 12.00
# Visual Studio 15
VisualStudioVersion = 15.0.27703.2000
MinimumVisualStudioVersion = 10.0.40219.1
Project("{FAE04EC0-301F-11D3-BF4B-00C04F79EFBC}") = "view", "view\view.csproj", "{13235750-637A-4908-900F-80D0DC7F5618}"
EndProject
Project("{FAE04EC0-301F-11D3-BF4B-00C04F79EFBC}") = "model", "model\model.csproj", "{2CC48937-BBA0-4001-949F-C5ECFB1C9A58}"
EndProject
Project("{FAE04EC0-301F-11D3-BF4B-00C04F79EFBC}") = "model-tests", "model-tests\model-tests.csproj", "{FB3CDDB7-1021-43A3-93F9-9B0DD73663FF}"
EndProject
Global
	GlobalSection(SolutionConfigurationPlatforms) = preSolution
		Debug|Any CPU = Debug|Any CPU
		Release|Any CPU = Release|Any CPU
	EndGlobalSection
	GlobalSection(ProjectConfigurationPlatforms) = postSolution
		{13235750-637A-4908-900F-80D0DC7F5618}.Debug|Any CPU.ActiveCfg = Debug|Any CPU
		{13235750-637A-4908-900F-80D0DC7F5618}.Debug|Any CPU.Build.0 = Debug|Any CPU
		{13235750-637A-4908-900F-80D0DC7F5618}.Release|Any CPU.ActiveCfg = Release|Any CPU
		{13235750-637A-4908-900F-80D0DC7F5618}.Release|Any CPU.Build.0 = Release|Any CPU
		{2CC48937-BBA0-4001-949F-C5ECFB1C9A58}.Debug|Any CPU.ActiveCfg = Debug|Any CPU
		{2CC48937-BBA0-4001-949F-C5ECFB1C9A58}.Debug|Any CPU.Build.0 = Debug|Any CPU
		{2CC48937-BBA0-4001-949F-C5ECFB1C9A58}.Release|Any CPU.ActiveCfg = Release|Any CPU
		{2CC48937-BBA0-4001-949F-C5ECFB1C9A58}.Release|Any CPU.Build.0 = Release|Any CPU
		{FB3CDDB7-1021-43A3-93F9-9B0DD73663FF}.Debug|Any CPU.ActiveCfg = Debug|Any CPU
		{FB3CDDB7-1021-43A3-93F9-9B0DD73663FF}.Debug|Any CPU.Build.0 = Debug|Any CPU
		{FB3CDDB7-1021-43A3-93F9-9B0DD73663FF}.Release|Any CPU.ActiveCfg = Release|Any CPU
		{FB3CDDB7-1021-43A3-93F9-9B0DD73663FF}.Release|Any CPU.Build.0 = Release|Any CPU
	EndGlobalSection
	GlobalSection(SolutionProperties) = preSolution
		HideSolutionNode = FALSE
	EndGlobalSection
	GlobalSection(ExtensibilityGlobals) = postSolution
		SolutionGuid = {265A1958-E5FF-48CE-8BA5-5D519F0132E7}
	EndGlobalSection
EndGlobal
